<?xml version="1.0" encoding="utf-8"?>
<Project ToolsVersion="4.0" xmlns="http://schemas.microsoft.com/developer/msbuild/2003">
  <ItemGroup>
    <Filter Include="Source Files">
      <UniqueIdentifier>{4FC737F1-C7A5-4376-A066-2A32D752A2FF}</UniqueIdentifier>
      <Extensions>cpp;c;cc;cxx;def;odl;idl;hpj;bat;asm;asmx</Extensions>
    </Filter>
    <Filter Include="Header Files">
      <UniqueIdentifier>{93995380-89BD-4b04-88EB-625FBE52EBFB}</UniqueIdentifier>
      <Extensions>h;hpp;hxx;hm;inl;inc;xsd</Extensions>
    </Filter>
    <Filter Include="Resource Files">
      <UniqueIdentifier>{67DA6AB6-F800-4c08-8B7A-83BB121AAD01}</UniqueIdentifier>
      <Extensions>rc;ico;cur;bmp;dlg;rc2;rct;bin;rgs;gif;jpg;jpeg;jpe;resx;tiff;tif;png;wav;mfcribbon-ms</Extensions>
    </Filter>
    <Filter Include="External Files">
      <UniqueIdentifier>{3e910cf2-b365-4789-82e2-a1434e78fbe4}</UniqueIdentifier>
    </Filter>
    <Filter Include="External Files\curl">
      <UniqueIdentifier>{af1d1d46-1b9a-4ce8-a7f2-6e198e31337c}</UniqueIdentifier>
    </Filter>
    <Filter Include="External Files\openssl">
      <UniqueIdentifier>{6f0e6bae-6c1a-4005-ae36-65399e402792}</UniqueIdentifier>
    </Filter>
    <Filter Include="External Files\zlib">
      <UniqueIdentifier>{e27b415a-5778-4784-95e8-b136cbe25f25}</UniqueIdentifier>
    </Filter>
    <Filter Include="External Files\jsoncpp">
      <UniqueIdentifier>{5f55805d-74a6-4380-b3ef-db5418769b91}</UniqueIdentifier>
    </Filter>
  </ItemGroup>
  <ItemGroup>
    <ClCompile Include="MainController.cpp">
      <Filter>Source Files</Filter>
    </ClCompile>
    <ClCompile Include="Defaults.cpp">
      <Filter>Source Files</Filter>
    </ClCompile>
    <ClCompile Include="TwitterClient.cpp">
      <Filter>Source Files</Filter>
    </ClCompile>
    <ClCompile Include="MainWindow.cpp">
      <Filter>Source Files</Filter>
    </ClCompile>
    <ClCompile Include="Constants.cpp">
      <Filter>Source Files</Filter>
    </ClCompile>
    <ClCompile Include="..\External\src\openssl\applink.c">
      <Filter>External Files\openssl</Filter>
    </ClCompile>
    <ClCompile Include="..\External\src\json\jsoncpp.cpp">
      <Filter>External Files\jsoncpp</Filter>
    </ClCompile>
    <ClCompile Include="Tokens.cpp">
      <Filter>Source Files</Filter>
    </ClCompile>
    <ClCompile Include="CommandLineParser.cpp">
      <Filter>Source Files</Filter>
    </ClCompile>
    <ClCompile Include="Utility.cpp">
      <Filter>Source Files</Filter>
    </ClCompile>
    <ClCompile Include="Configure.cpp">
      <Filter>Source Files</Filter>
    </ClCompile>
  </ItemGroup>
  <ItemGroup>
    <ClInclude Include="MainController.h">
      <Filter>Header Files</Filter>
    </ClInclude>
    <ClInclude Include="Defaults.h">
      <Filter>Header Files</Filter>
    </ClInclude>
    <ClInclude Include="Singleton.h">
      <Filter>Header Files</Filter>
    </ClInclude>
    <ClInclude Include="TwitterClient.h">
      <Filter>Header Files</Filter>
    </ClInclude>
    <ClInclude Include="Window.h">
      <Filter>Header Files</Filter>
    </ClInclude>
    <ClInclude Include="MainWindow.h">
      <Filter>Header Files</Filter>
    </ClInclude>
    <ClInclude Include="Constants.h">
      <Filter>Header Files</Filter>
    </ClInclude>
    <ClInclude Include="..\External\include\curl\curl.h">
      <Filter>External Files\curl</Filter>
    </ClInclude>
    <ClInclude Include="..\External\include\curl\curlbuild.h">
      <Filter>External Files\curl</Filter>
    </ClInclude>
    <ClInclude Include="..\External\include\curl\curlrules.h">
      <Filter>External Files\curl</Filter>
    </ClInclude>
    <ClInclude Include="..\External\include\curl\curlver.h">
      <Filter>External Files\curl</Filter>
    </ClInclude>
    <ClInclude Include="..\External\include\curl\easy.h">
      <Filter>External Files\curl</Filter>
    </ClInclude>
    <ClInclude Include="..\External\include\curl\mprintf.h">
      <Filter>External Files\curl</Filter>
    </ClInclude>
    <ClInclude Include="..\External\include\curl\multi.h">
      <Filter>External Files\curl</Filter>
    </ClInclude>
    <ClInclude Include="..\External\include\curl\stdcheaders.h">
      <Filter>External Files\curl</Filter>
    </ClInclude>
    <ClInclude Include="..\External\include\curl\typecheck-gcc.h">
      <Filter>External Files\curl</Filter>
    </ClInclude>
    <ClInclude Include="..\External\include\openssl\aes.h">
      <Filter>External Files\openssl</Filter>
    </ClInclude>
    <ClInclude Include="..\External\include\openssl\asn1.h">
      <Filter>External Files\openssl</Filter>
    </ClInclude>
    <ClInclude Include="..\External\include\openssl\asn1_mac.h">
      <Filter>External Files\openssl</Filter>
    </ClInclude>
    <ClInclude Include="..\External\include\openssl\asn1t.h">
      <Filter>External Files\openssl</Filter>
    </ClInclude>
    <ClInclude Include="..\External\include\openssl\bio.h">
      <Filter>External Files\openssl</Filter>
    </ClInclude>
    <ClInclude Include="..\External\include\openssl\blowfish.h">
      <Filter>External Files\openssl</Filter>
    </ClInclude>
    <ClInclude Include="..\External\include\openssl\bn.h">
      <Filter>External Files\openssl</Filter>
    </ClInclude>
    <ClInclude Include="..\External\include\openssl\buffer.h">
      <Filter>External Files\openssl</Filter>
    </ClInclude>
    <ClInclude Include="..\External\include\openssl\camellia.h">
      <Filter>External Files\openssl</Filter>
    </ClInclude>
    <ClInclude Include="..\External\include\openssl\cast.h">
      <Filter>External Files\openssl</Filter>
    </ClInclude>
    <ClInclude Include="..\External\include\openssl\cms.h">
      <Filter>External Files\openssl</Filter>
    </ClInclude>
    <ClInclude Include="..\External\include\openssl\comp.h">
      <Filter>External Files\openssl</Filter>
    </ClInclude>
    <ClInclude Include="..\External\include\openssl\conf.h">
      <Filter>External Files\openssl</Filter>
    </ClInclude>
    <ClInclude Include="..\External\include\openssl\conf_api.h">
      <Filter>External Files\openssl</Filter>
    </ClInclude>
    <ClInclude Include="..\External\include\openssl\crypto.h">
      <Filter>External Files\openssl</Filter>
    </ClInclude>
    <ClInclude Include="..\External\include\openssl\des.h">
      <Filter>External Files\openssl</Filter>
    </ClInclude>
    <ClInclude Include="..\External\include\openssl\des_old.h">
      <Filter>External Files\openssl</Filter>
    </ClInclude>
    <ClInclude Include="..\External\include\openssl\dh.h">
      <Filter>External Files\openssl</Filter>
    </ClInclude>
    <ClInclude Include="..\External\include\openssl\dsa.h">
      <Filter>External Files\openssl</Filter>
    </ClInclude>
    <ClInclude Include="..\External\include\openssl\dso.h">
      <Filter>External Files\openssl</Filter>
    </ClInclude>
    <ClInclude Include="..\External\include\openssl\dtls1.h">
      <Filter>External Files\openssl</Filter>
    </ClInclude>
    <ClInclude Include="..\External\include\openssl\e_os2.h">
      <Filter>External Files\openssl</Filter>
    </ClInclude>
    <ClInclude Include="..\External\include\openssl\ebcdic.h">
      <Filter>External Files\openssl</Filter>
    </ClInclude>
    <ClInclude Include="..\External\include\openssl\ec.h">
      <Filter>External Files\openssl</Filter>
    </ClInclude>
    <ClInclude Include="..\External\include\openssl\ecdh.h">
      <Filter>External Files\openssl</Filter>
    </ClInclude>
    <ClInclude Include="..\External\include\openssl\ecdsa.h">
      <Filter>External Files\openssl</Filter>
    </ClInclude>
    <ClInclude Include="..\External\include\openssl\engine.h">
      <Filter>External Files\openssl</Filter>
    </ClInclude>
    <ClInclude Include="..\External\include\openssl\err.h">
      <Filter>External Files\openssl</Filter>
    </ClInclude>
    <ClInclude Include="..\External\include\openssl\evp.h">
      <Filter>External Files\openssl</Filter>
    </ClInclude>
    <ClInclude Include="..\External\include\openssl\hmac.h">
      <Filter>External Files\openssl</Filter>
    </ClInclude>
    <ClInclude Include="..\External\include\openssl\idea.h">
      <Filter>External Files\openssl</Filter>
    </ClInclude>
    <ClInclude Include="..\External\include\openssl\krb5_asn.h">
      <Filter>External Files\openssl</Filter>
    </ClInclude>
    <ClInclude Include="..\External\include\openssl\kssl.h">
      <Filter>External Files\openssl</Filter>
    </ClInclude>
    <ClInclude Include="..\External\include\openssl\lhash.h">
      <Filter>External Files\openssl</Filter>
    </ClInclude>
    <ClInclude Include="..\External\include\openssl\md4.h">
      <Filter>External Files\openssl</Filter>
    </ClInclude>
    <ClInclude Include="..\External\include\openssl\md5.h">
      <Filter>External Files\openssl</Filter>
    </ClInclude>
    <ClInclude Include="..\External\include\openssl\mdc2.h">
      <Filter>External Files\openssl</Filter>
    </ClInclude>
    <ClInclude Include="..\External\include\openssl\modes.h">
      <Filter>External Files\openssl</Filter>
    </ClInclude>
    <ClInclude Include="..\External\include\openssl\obj_mac.h">
      <Filter>External Files\openssl</Filter>
    </ClInclude>
    <ClInclude Include="..\External\include\openssl\objects.h">
      <Filter>External Files\openssl</Filter>
    </ClInclude>
    <ClInclude Include="..\External\include\openssl\ocsp.h">
      <Filter>External Files\openssl</Filter>
    </ClInclude>
    <ClInclude Include="..\External\include\openssl\opensslv.h">
      <Filter>External Files\openssl</Filter>
    </ClInclude>
    <ClInclude Include="..\External\include\openssl\ossl_typ.h">
      <Filter>External Files\openssl</Filter>
    </ClInclude>
    <ClInclude Include="..\External\include\openssl\pem.h">
      <Filter>External Files\openssl</Filter>
    </ClInclude>
    <ClInclude Include="..\External\include\openssl\pem2.h">
      <Filter>External Files\openssl</Filter>
    </ClInclude>
    <ClInclude Include="..\External\include\openssl\pkcs7.h">
      <Filter>External Files\openssl</Filter>
    </ClInclude>
    <ClInclude Include="..\External\include\openssl\pkcs12.h">
      <Filter>External Files\openssl</Filter>
    </ClInclude>
    <ClInclude Include="..\External\include\openssl\pqueue.h">
      <Filter>External Files\openssl</Filter>
    </ClInclude>
    <ClInclude Include="..\External\include\openssl\rand.h">
      <Filter>External Files\openssl</Filter>
    </ClInclude>
    <ClInclude Include="..\External\include\openssl\rc2.h">
      <Filter>External Files\openssl</Filter>
    </ClInclude>
    <ClInclude Include="..\External\include\openssl\rc4.h">
      <Filter>External Files\openssl</Filter>
    </ClInclude>
    <ClInclude Include="..\External\include\openssl\ripemd.h">
      <Filter>External Files\openssl</Filter>
    </ClInclude>
    <ClInclude Include="..\External\include\openssl\rsa.h">
      <Filter>External Files\openssl</Filter>
    </ClInclude>
    <ClInclude Include="..\External\include\openssl\safestack.h">
      <Filter>External Files\openssl</Filter>
    </ClInclude>
    <ClInclude Include="..\External\include\openssl\seed.h">
      <Filter>External Files\openssl</Filter>
    </ClInclude>
    <ClInclude Include="..\External\include\openssl\sha.h">
      <Filter>External Files\openssl</Filter>
    </ClInclude>
    <ClInclude Include="..\External\include\openssl\ssl.h">
      <Filter>External Files\openssl</Filter>
    </ClInclude>
    <ClInclude Include="..\External\include\openssl\ssl2.h">
      <Filter>External Files\openssl</Filter>
    </ClInclude>
    <ClInclude Include="..\External\include\openssl\ssl3.h">
      <Filter>External Files\openssl</Filter>
    </ClInclude>
    <ClInclude Include="..\External\include\openssl\ssl23.h">
      <Filter>External Files\openssl</Filter>
    </ClInclude>
    <ClInclude Include="..\External\include\openssl\stack.h">
      <Filter>External Files\openssl</Filter>
    </ClInclude>
    <ClInclude Include="..\External\include\openssl\symhacks.h">
      <Filter>External Files\openssl</Filter>
    </ClInclude>
    <ClInclude Include="..\External\include\openssl\tls1.h">
      <Filter>External Files\openssl</Filter>
    </ClInclude>
    <ClInclude Include="..\External\include\openssl\ts.h">
      <Filter>External Files\openssl</Filter>
    </ClInclude>
    <ClInclude Include="..\External\include\openssl\txt_db.h">
      <Filter>External Files\openssl</Filter>
    </ClInclude>
    <ClInclude Include="..\External\include\openssl\ui.h">
      <Filter>External Files\openssl</Filter>
    </ClInclude>
    <ClInclude Include="..\External\include\openssl\ui_compat.h">
      <Filter>External Files\openssl</Filter>
    </ClInclude>
    <ClInclude Include="..\External\include\openssl\whrlpool.h">
      <Filter>External Files\openssl</Filter>
    </ClInclude>
    <ClInclude Include="..\External\include\openssl\x509.h">
      <Filter>External Files\openssl</Filter>
    </ClInclude>
    <ClInclude Include="..\External\include\openssl\x509_vfy.h">
      <Filter>External Files\openssl</Filter>
    </ClInclude>
    <ClInclude Include="..\External\include\openssl\x509v3.h">
      <Filter>External Files\openssl</Filter>
    </ClInclude>
    <ClInclude Include="..\External\include\zconf.h">
      <Filter>External Files\zlib</Filter>
    </ClInclude>
    <ClInclude Include="..\External\include\zlib.h">
      <Filter>External Files\zlib</Filter>
    </ClInclude>
    <ClInclude Include="..\External\include\json\json.h">
      <Filter>External Files\jsoncpp</Filter>
    </ClInclude>
    <ClInclude Include="..\External\include\json\json-forwards.h">
      <Filter>External Files\jsoncpp</Filter>
    </ClInclude>
    <ClInclude Include="Tokens.h">
      <Filter>Header Files</Filter>
    </ClInclude>
    <ClInclude Include="CommandLineParser.h">
      <Filter>Header Files</Filter>
    </ClInclude>
    <ClInclude Include="Types.h">
      <Filter>Header Files</Filter>
    </ClInclude>
    <ClInclude Include="Utility.h">
      <Filter>Header Files</Filter>
    </ClInclude>
    <ClInclude Include="Configure.h">
      <Filter>Header Files</Filter>
    </ClInclude>
  </ItemGroup>
  <ItemGroup>
    <None Include="Tokens.h.in" />
    <None Include="Tokens.txt" />
  </ItemGroup>
</Project>